{
  "name": "RunningBlog",
  "lockfileVersion": 2,
  "requires": true,
  "packages": {
    "": {
      "dependencies": {
        "timeago.js": "^4.0.0-beta.3"
      }
    },
    "node_modules/timeago.js": {
      "version": "4.0.0-beta.3",
      "resolved": "https://registry.npmjs.org/timeago.js/-/timeago.js-4.0.0-beta.3.tgz",
      "integrity": "sha512-98KoI4axalqyrlZMEavKfBBtJOJugHtpC1n/TPLx3edS0GFSUg9YkvtqFKAaOHjbaz5729b2U0MczMr39TM65A=="
    }
  },
  "dependencies": {
    "timeago.js": {
      "version": "4.0.0-beta.3",
      "resolved": "https://registry.npmjs.org/timeago.js/-/timeago.js-4.0.0-beta.3.tgz",
      "integrity": "sha512-98KoI4axalqyrlZMEavKfBBtJOJugHtpC1n/TPLx3edS0GFSUg9YkvtqFKAaOHjbaz5729b2U0MczMr39TM65A=="
    }
  }
}
